
Microsoft Visual Studio Solution File, Format Version 12.00
# Visual Studio Version 16
VisualStudioVersion = 16.0.31702.278
MinimumVisualStudioVersion = 10.0.40219.1
Project("{FAE04EC0-301F-11D3-BF4B-00C04F79EFBC}") = "Laba_4", "Laba_4\Laba_4.csproj", "{082AA47E-5AEF-4053-B344-EC6B2FF06FC1}"
EndProject
Global
	GlobalSection(SolutionConfigurationPlatforms) = preSolution
		Debug|Any CPU = Debug|Any CPU
		Release|Any CPU = Release|Any CPU
	EndGlobalSection
	GlobalSection(ProjectConfigurationPlatforms) = postSolution
		{082AA47E-5AEF-4053-B344-EC6B2FF06FC1}.Debug|Any CPU.ActiveCfg = Debug|Any CPU
		{082AA47E-5AEF-4053-B344-EC6B2FF06FC1}.Debug|Any CPU.Build.0 = Debug|Any CPU
		{082AA47E-5AEF-4053-B344-EC6B2FF06FC1}.Release|Any CPU.ActiveCfg = Release|Any CPU
		{082AA47E-5AEF-4053-B344-EC6B2FF06FC1}.Release|Any CPU.Build.0 = Release|Any CPU
	EndGlobalSection
	GlobalSection(SolutionProperties) = preSolution
		HideSolutionNode = FALSE
	EndGlobalSection
	GlobalSection(ExtensibilityGlobals) = postSolution
		SolutionGuid = {D7BB8A95-1D8C-463C-99B7-FB361167F2F5}
	EndGlobalSection
EndGlobal
